// !$*UTF8*$!
{
	archiveVersion = 1;
	classes = {
	};
	objectVersion = 46;
	objects = {

/* Begin PBXBuildFile section */
		3B619FEB1A1A3B88002D8668 /* AppDelegate.swift in Sources */ = {isa = PBXBuildFile; fileRef = 3B619FEA1A1A3B88002D8668 /* AppDelegate.swift */; };
		3B619FED1A1A3B88002D8668 /* ViewController.swift in Sources */ = {isa = PBXBuildFile; fileRef = 3B619FEC1A1A3B88002D8668 /* ViewController.swift */; };
		3B619FF01A1A3B88002D8668 /* Main.storyboard in Resources */ = {isa = PBXBuildFile; fileRef = 3B619FEE1A1A3B88002D8668 /* Main.storyboard */; };
		3B619FF21A1A3B88002D8668 /* Images.xcassets in Resources */ = {isa = PBXBuildFile; fileRef = 3B619FF11A1A3B88002D8668 /* Images.xcassets */; };
		3B619FF51A1A3B88002D8668 /* LaunchScreen.xib in Resources */ = {isa = PBXBuildFile; fileRef = 3B619FF31A1A3B88002D8668 /* LaunchScreen.xib */; };
		3B6598121A1E7C99007EAA83 /* QuestionCreationTests.swift in Sources */ = {isa = PBXBuildFile; fileRef = 3B6598111A1E7C99007EAA83 /* QuestionCreationTests.swift */; };
		3B6598151A1E7D17007EAA83 /* StackOverflowManager.swift in Sources */ = {isa = PBXBuildFile; fileRef = 3B6598141A1E7D17007EAA83 /* StackOverflowManager.swift */; };
		3B6598161A1E7D17007EAA83 /* StackOverflowManager.swift in Sources */ = {isa = PBXBuildFile; fileRef = 3B6598141A1E7D17007EAA83 /* StackOverflowManager.swift */; };
		3B6598191A1E7F12007EAA83 /* StackOverflowManagerDelegate.swift in Sources */ = {isa = PBXBuildFile; fileRef = 3B6598181A1E7F12007EAA83 /* StackOverflowManagerDelegate.swift */; };
		3B65981A1A1E7F12007EAA83 /* StackOverflowManagerDelegate.swift in Sources */ = {isa = PBXBuildFile; fileRef = 3B6598181A1E7F12007EAA83 /* StackOverflowManagerDelegate.swift */; };
		3B65981C1A1E825D007EAA83 /* MockStackOverflowManagerDelegate.swift in Sources */ = {isa = PBXBuildFile; fileRef = 3B65981B1A1E825D007EAA83 /* MockStackOverflowManagerDelegate.swift */; };
		3B6CF2F01A1A4412007F89D3 /* TopicTests.swift in Sources */ = {isa = PBXBuildFile; fileRef = 3B6CF2EF1A1A4412007F89D3 /* TopicTests.swift */; };
		3B6CF2F31A1A4486007F89D3 /* Topic.swift in Sources */ = {isa = PBXBuildFile; fileRef = 3B6CF2F21A1A4486007F89D3 /* Topic.swift */; };
		3B6CF2F41A1A4486007F89D3 /* Topic.swift in Sources */ = {isa = PBXBuildFile; fileRef = 3B6CF2F21A1A4486007F89D3 /* Topic.swift */; };
		3B6F5DC11A1B7569001E46A5 /* AnswerTests.swift in Sources */ = {isa = PBXBuildFile; fileRef = 3B6F5DC01A1B7569001E46A5 /* AnswerTests.swift */; };
		3B6F5DC31A1B757B001E46A5 /* Answer.swift in Sources */ = {isa = PBXBuildFile; fileRef = 3B6F5DC21A1B757B001E46A5 /* Answer.swift */; };
		3B6F5DC41A1B757B001E46A5 /* Answer.swift in Sources */ = {isa = PBXBuildFile; fileRef = 3B6F5DC21A1B757B001E46A5 /* Answer.swift */; };
		3BBE839B1A1A6BA100125912 /* QuestionTests.swift in Sources */ = {isa = PBXBuildFile; fileRef = 3BBE839A1A1A6BA100125912 /* QuestionTests.swift */; };
		3BBE839D1A1A6BE700125912 /* Question.swift in Sources */ = {isa = PBXBuildFile; fileRef = 3BBE839C1A1A6BE700125912 /* Question.swift */; };
		3BBE839E1A1A6BE700125912 /* Question.swift in Sources */ = {isa = PBXBuildFile; fileRef = 3BBE839C1A1A6BE700125912 /* Question.swift */; };
		3BBE83A01A1A721500125912 /* PersonTests.swift in Sources */ = {isa = PBXBuildFile; fileRef = 3BBE839F1A1A721500125912 /* PersonTests.swift */; };
		3BBE83A21A1A72C800125912 /* Person.swift in Sources */ = {isa = PBXBuildFile; fileRef = 3BBE83A11A1A72C800125912 /* Person.swift */; };
		3BBE83A31A1A72C800125912 /* Person.swift in Sources */ = {isa = PBXBuildFile; fileRef = 3BBE83A11A1A72C800125912 /* Person.swift */; };
/* End PBXBuildFile section */

/* Begin PBXContainerItemProxy section */
		3B619FFB1A1A3B88002D8668 /* PBXContainerItemProxy */ = {
			isa = PBXContainerItemProxy;
			containerPortal = 3B619FDD1A1A3B88002D8668 /* Project object */;
			proxyType = 1;
			remoteGlobalIDString = 3B619FE41A1A3B88002D8668;
			remoteInfo = BrowseOverflowSwift;
		};
/* End PBXContainerItemProxy section */

/* Begin PBXFileReference section */
		3B619FE51A1A3B88002D8668 /* BrowseOverflowSwift.app */ = {isa = PBXFileReference; explicitFileType = wrapper.application; includeInIndex = 0; path = BrowseOverflowSwift.app; sourceTree = BUILT_PRODUCTS_DIR; };
		3B619FE91A1A3B88002D8668 /* Info.plist */ = {isa = PBXFileReference; lastKnownFileType = text.plist.xml; path = Info.plist; sourceTree = "<group>"; };
		3B619FEA1A1A3B88002D8668 /* AppDelegate.swift */ = {isa = PBXFileReference; lastKnownFileType = sourcecode.swift; path = AppDelegate.swift; sourceTree = "<group>"; };
		3B619FEC1A1A3B88002D8668 /* ViewController.swift */ = {isa = PBXFileReference; lastKnownFileType = sourcecode.swift; path = ViewController.swift; sourceTree = "<group>"; };
		3B619FEF1A1A3B88002D8668 /* Base */ = {isa = PBXFileReference; lastKnownFileType = file.storyboard; name = Base; path = Base.lproj/Main.storyboard; sourceTree = "<group>"; };
		3B619FF11A1A3B88002D8668 /* Images.xcassets */ = {isa = PBXFileReference; lastKnownFileType = folder.assetcatalog; path = Images.xcassets; sourceTree = "<group>"; };
		3B619FF41A1A3B88002D8668 /* Base */ = {isa = PBXFileReference; lastKnownFileType = file.xib; name = Base; path = Base.lproj/LaunchScreen.xib; sourceTree = "<group>"; };
		3B619FFA1A1A3B88002D8668 /* BrowseOverflowSwiftTests.xctest */ = {isa = PBXFileReference; explicitFileType = wrapper.cfbundle; includeInIndex = 0; path = BrowseOverflowSwiftTests.xctest; sourceTree = BUILT_PRODUCTS_DIR; };
		3B619FFF1A1A3B88002D8668 /* Info.plist */ = {isa = PBXFileReference; lastKnownFileType = text.plist.xml; path = Info.plist; sourceTree = "<group>"; };
		3B6598111A1E7C99007EAA83 /* QuestionCreationTests.swift */ = {isa = PBXFileReference; fileEncoding = 4; lastKnownFileType = sourcecode.swift; path = QuestionCreationTests.swift; sourceTree = "<group>"; };
		3B6598141A1E7D17007EAA83 /* StackOverflowManager.swift */ = {isa = PBXFileReference; fileEncoding = 4; lastKnownFileType = sourcecode.swift; path = StackOverflowManager.swift; sourceTree = "<group>"; };
		3B6598181A1E7F12007EAA83 /* StackOverflowManagerDelegate.swift */ = {isa = PBXFileReference; fileEncoding = 4; lastKnownFileType = sourcecode.swift; path = StackOverflowManagerDelegate.swift; sourceTree = "<group>"; };
		3B65981B1A1E825D007EAA83 /* MockStackOverflowManagerDelegate.swift */ = {isa = PBXFileReference; fileEncoding = 4; lastKnownFileType = sourcecode.swift; path = MockStackOverflowManagerDelegate.swift; sourceTree = "<group>"; };
		3B6CF2EF1A1A4412007F89D3 /* TopicTests.swift */ = {isa = PBXFileReference; fileEncoding = 4; lastKnownFileType = sourcecode.swift; path = TopicTests.swift; sourceTree = "<group>"; };
		3B6CF2F21A1A4486007F89D3 /* Topic.swift */ = {isa = PBXFileReference; fileEncoding = 4; lastKnownFileType = sourcecode.swift; path = Topic.swift; sourceTree = "<group>"; };
		3B6F5DC01A1B7569001E46A5 /* AnswerTests.swift */ = {isa = PBXFileReference; fileEncoding = 4; lastKnownFileType = sourcecode.swift; path = AnswerTests.swift; sourceTree = "<group>"; };
		3B6F5DC21A1B757B001E46A5 /* Answer.swift */ = {isa = PBXFileReference; fileEncoding = 4; lastKnownFileType = sourcecode.swift; path = Answer.swift; sourceTree = "<group>"; };
		3BBE839A1A1A6BA100125912 /* QuestionTests.swift */ = {isa = PBXFileReference; fileEncoding = 4; lastKnownFileType = sourcecode.swift; path = QuestionTests.swift; sourceTree = "<group>"; };
		3BBE839C1A1A6BE700125912 /* Question.swift */ = {isa = PBXFileReference; fileEncoding = 4; lastKnownFileType = sourcecode.swift; path = Question.swift; sourceTree = "<group>"; };
		3BBE839F1A1A721500125912 /* PersonTests.swift */ = {isa = PBXFileReference; fileEncoding = 4; lastKnownFileType = sourcecode.swift; path = PersonTests.swift; sourceTree = "<group>"; };
		3BBE83A11A1A72C800125912 /* Person.swift */ = {isa = PBXFileReference; fileEncoding = 4; lastKnownFileType = sourcecode.swift; path = Person.swift; sourceTree = "<group>"; };
/* End PBXFileReference section */

/* Begin PBXFrameworksBuildPhase section */
		3B619FE21A1A3B88002D8668 /* Frameworks */ = {
			isa = PBXFrameworksBuildPhase;
			buildActionMask = 2147483647;
			files = (
			);
			runOnlyForDeploymentPostprocessing = 0;
		};
		3B619FF71A1A3B88002D8668 /* Frameworks */ = {
			isa = PBXFrameworksBuildPhase;
			buildActionMask = 2147483647;
			files = (
			);
			runOnlyForDeploymentPostprocessing = 0;
		};
/* End PBXFrameworksBuildPhase section */

/* Begin PBXGroup section */
		3B619FDC1A1A3B88002D8668 = {
			isa = PBXGroup;
			children = (
				3B619FE71A1A3B88002D8668 /* BrowseOverflowSwift */,
				3B619FFD1A1A3B88002D8668 /* BrowseOverflowSwiftTests */,
				3B619FE61A1A3B88002D8668 /* Products */,
			);
			sourceTree = "<group>";
		};
		3B619FE61A1A3B88002D8668 /* Products */ = {
			isa = PBXGroup;
			children = (
				3B619FE51A1A3B88002D8668 /* BrowseOverflowSwift.app */,
				3B619FFA1A1A3B88002D8668 /* BrowseOverflowSwiftTests.xctest */,
			);
			name = Products;
			sourceTree = "<group>";
		};
		3B619FE71A1A3B88002D8668 /* BrowseOverflowSwift */ = {
			isa = PBXGroup;
			children = (
				3B6598171A1E7E67007EAA83 /* Protocols */,
				3B6598131A1E7D07007EAA83 /* Managers */,
				3B6CF2F11A1A4472007F89D3 /* Models */,
				3B619FEA1A1A3B88002D8668 /* AppDelegate.swift */,
				3B619FEC1A1A3B88002D8668 /* ViewController.swift */,
				3B619FEE1A1A3B88002D8668 /* Main.storyboard */,
				3B619FF11A1A3B88002D8668 /* Images.xcassets */,
				3B619FF31A1A3B88002D8668 /* LaunchScreen.xib */,
				3B619FE81A1A3B88002D8668 /* Supporting Files */,
			);
			path = BrowseOverflowSwift;
			sourceTree = "<group>";
		};
		3B619FE81A1A3B88002D8668 /* Supporting Files */ = {
			isa = PBXGroup;
			children = (
				3B619FE91A1A3B88002D8668 /* Info.plist */,
			);
			name = "Supporting Files";
			sourceTree = "<group>";
		};
		3B619FFD1A1A3B88002D8668 /* BrowseOverflowSwiftTests */ = {
			isa = PBXGroup;
			children = (
				3B619FFE1A1A3B88002D8668 /* Supporting Files */,
				3B6CF2EF1A1A4412007F89D3 /* TopicTests.swift */,
				3BBE839A1A1A6BA100125912 /* QuestionTests.swift */,
				3BBE839F1A1A721500125912 /* PersonTests.swift */,
				3B6F5DC01A1B7569001E46A5 /* AnswerTests.swift */,
				3B6598111A1E7C99007EAA83 /* QuestionCreationTests.swift */,
			);
			path = BrowseOverflowSwiftTests;
			sourceTree = "<group>";
		};
		3B619FFE1A1A3B88002D8668 /* Supporting Files */ = {
			isa = PBXGroup;
			children = (
				3B619FFF1A1A3B88002D8668 /* Info.plist */,
			);
			name = "Supporting Files";
			sourceTree = "<group>";
		};
		3B6598131A1E7D07007EAA83 /* Managers */ = {
			isa = PBXGroup;
			children = (
				3B6598141A1E7D17007EAA83 /* StackOverflowManager.swift */,
				3B65981B1A1E825D007EAA83 /* MockStackOverflowManagerDelegate.swift */,
			);
			name = Managers;
			sourceTree = "<group>";
		};
		3B6598171A1E7E67007EAA83 /* Protocols */ = {
			isa = PBXGroup;
			children = (
				3B6598181A1E7F12007EAA83 /* StackOverflowManagerDelegate.swift */,
			);
			name = Protocols;
			sourceTree = "<group>";
		};
		3B6CF2F11A1A4472007F89D3 /* Models */ = {
			isa = PBXGroup;
			children = (
				3B6CF2F21A1A4486007F89D3 /* Topic.swift */,
				3BBE839C1A1A6BE700125912 /* Question.swift */,
				3BBE83A11A1A72C800125912 /* Person.swift */,
				3B6F5DC21A1B757B001E46A5 /* Answer.swift */,
			);
			name = Models;
			sourceTree = "<group>";
		};
/* End PBXGroup section */

/* Begin PBXNativeTarget section */
		3B619FE41A1A3B88002D8668 /* BrowseOverflowSwift */ = {
			isa = PBXNativeTarget;
			buildConfigurationList = 3B61A0041A1A3B88002D8668 /* Build configuration list for PBXNativeTarget "BrowseOverflowSwift" */;
			buildPhases = (
				3B619FE11A1A3B88002D8668 /* Sources */,
				3B619FE21A1A3B88002D8668 /* Frameworks */,
				3B619FE31A1A3B88002D8668 /* Resources */,
			);
			buildRules = (
			);
			dependencies = (
			);
			name = BrowseOverflowSwift;
			productName = BrowseOverflowSwift;
			productReference = 3B619FE51A1A3B88002D8668 /* BrowseOverflowSwift.app */;
			productType = "com.apple.product-type.application";
		};
		3B619FF91A1A3B88002D8668 /* BrowseOverflowSwiftTests */ = {
			isa = PBXNativeTarget;
			buildConfigurationList = 3B61A0071A1A3B88002D8668 /* Build configuration list for PBXNativeTarget "BrowseOverflowSwiftTests" */;
			buildPhases = (
				3B619FF61A1A3B88002D8668 /* Sources */,
				3B619FF71A1A3B88002D8668 /* Frameworks */,
				3B619FF81A1A3B88002D8668 /* Resources */,
			);
			buildRules = (
			);
			dependencies = (
				3B619FFC1A1A3B88002D8668 /* PBXTargetDependency */,
			);
			name = BrowseOverflowSwiftTests;
			productName = BrowseOverflowSwiftTests;
			productReference = 3B619FFA1A1A3B88002D8668 /* BrowseOverflowSwiftTests.xctest */;
			productType = "com.apple.product-type.bundle.unit-test";
		};
/* End PBXNativeTarget section */

/* Begin PBXProject section */
		3B619FDD1A1A3B88002D8668 /* Project object */ = {
			isa = PBXProject;
			attributes = {
				LastUpgradeCheck = 0610;
				ORGANIZATIONNAME = "Six Five Software, LLC";
				TargetAttributes = {
					3B619FE41A1A3B88002D8668 = {
						CreatedOnToolsVersion = 6.1;
					};
					3B619FF91A1A3B88002D8668 = {
						CreatedOnToolsVersion = 6.1;
						TestTargetID = 3B619FE41A1A3B88002D8668;
					};
				};
			};
			buildConfigurationList = 3B619FE01A1A3B88002D8668 /* Build configuration list for PBXProject "BrowseOverflowSwift" */;
			compatibilityVersion = "Xcode 3.2";
			developmentRegion = English;
			hasScannedForEncodings = 0;
			knownRegions = (
				en,
				Base,
			);
			mainGroup = 3B619FDC1A1A3B88002D8668;
			productRefGroup = 3B619FE61A1A3B88002D8668 /* Products */;
			projectDirPath = "";
			projectRoot = "";
			targets = (
				3B619FE41A1A3B88002D8668 /* BrowseOverflowSwift */,
				3B619FF91A1A3B88002D8668 /* BrowseOverflowSwiftTests */,
			);
		};
/* End PBXProject section */

/* Begin PBXResourcesBuildPhase section */
		3B619FE31A1A3B88002D8668 /* Resources */ = {
			isa = PBXResourcesBuildPhase;
			buildActionMask = 2147483647;
			files = (
				3B619FF01A1A3B88002D8668 /* Main.storyboard in Resources */,
				3B619FF51A1A3B88002D8668 /* LaunchScreen.xib in Resources */,
				3B619FF21A1A3B88002D8668 /* Images.xcassets in Resources */,
			);
			runOnlyForDeploymentPostprocessing = 0;
		};
		3B619FF81A1A3B88002D8668 /* Resources */ = {
			isa = PBXResourcesBuildPhase;
			buildActionMask = 2147483647;
			files = (
			);
			runOnlyForDeploymentPostprocessing = 0;
		};
/* End PBXResourcesBuildPhase section */

/* Begin PBXSourcesBuildPhase section */
		3B619FE11A1A3B88002D8668 /* Sources */ = {
			isa = PBXSourcesBuildPhase;
			buildActionMask = 2147483647;
			files = (
				3BBE83A21A1A72C800125912 /* Person.swift in Sources */,
				3B6598191A1E7F12007EAA83 /* StackOverflowManagerDelegate.swift in Sources */,
				3B619FED1A1A3B88002D8668 /* ViewController.swift in Sources */,
				3BBE839D1A1A6BE700125912 /* Question.swift in Sources */,
				3B6598151A1E7D17007EAA83 /* StackOverflowManager.swift in Sources */,
				3B6F5DC31A1B757B001E46A5 /* Answer.swift in Sources */,
				3B6CF2F31A1A4486007F89D3 /* Topic.swift in Sources */,
				3B619FEB1A1A3B88002D8668 /* AppDelegate.swift in Sources */,
			);
			runOnlyForDeploymentPostprocessing = 0;
		};
		3B619FF61A1A3B88002D8668 /* Sources */ = {
			isa = PBXSourcesBuildPhase;
			buildActionMask = 2147483647;
			files = (
				3B65981A1A1E7F12007EAA83 /* StackOverflowManagerDelegate.swift in Sources */,
				3BBE83A31A1A72C800125912 /* Person.swift in Sources */,
				3B6598121A1E7C99007EAA83 /* QuestionCreationTests.swift in Sources */,
				3B6598161A1E7D17007EAA83 /* StackOverflowManager.swift in Sources */,
				3B6F5DC11A1B7569001E46A5 /* AnswerTests.swift in Sources */,
				3B6CF2F01A1A4412007F89D3 /* TopicTests.swift in Sources */,
				3BBE839E1A1A6BE700125912 /* Question.swift in Sources */,
				3BBE83A01A1A721500125912 /* PersonTests.swift in Sources */,
				3B6CF2F41A1A4486007F89D3 /* Topic.swift in Sources */,
				3BBE839B1A1A6BA100125912 /* QuestionTests.swift in Sources */,
				3B6F5DC41A1B757B001E46A5 /* Answer.swift in Sources */,
				3B65981C1A1E825D007EAA83 /* MockStackOverflowManagerDelegate.swift in Sources */,
			);
			runOnlyForDeploymentPostprocessing = 0;
		};
/* End PBXSourcesBuildPhase section */

/* Begin PBXTargetDependency section */
		3B619FFC1A1A3B88002D8668 /* PBXTargetDependency */ = {
			isa = PBXTargetDependency;
			target = 3B619FE41A1A3B88002D8668 /* BrowseOverflowSwift */;
			targetProxy = 3B619FFB1A1A3B88002D8668 /* PBXContainerItemProxy */;
		};
/* End PBXTargetDependency section */

/* Begin PBXVariantGroup section */
		3B619FEE1A1A3B88002D8668 /* Main.storyboard */ = {
			isa = PBXVariantGroup;
			children = (
				3B619FEF1A1A3B88002D8668 /* Base */,
			);
			name = Main.storyboard;
			sourceTree = "<group>";
		};
		3B619FF31A1A3B88002D8668 /* LaunchScreen.xib */ = {
			isa = PBXVariantGroup;
			children = (
				3B619FF41A1A3B88002D8668 /* Base */,
			);
			name = LaunchScreen.xib;
			sourceTree = "<group>";
		};
/* End PBXVariantGroup section */

/* Begin XCBuildConfiguration section */
		3B61A0021A1A3B88002D8668 /* Debug */ = {
			isa = XCBuildConfiguration;
			buildSettings = {
				ALWAYS_SEARCH_USER_PATHS = NO;
				CLANG_CXX_LANGUAGE_STANDARD = "gnu++0x";
				CLANG_CXX_LIBRARY = "libc++";
				CLANG_ENABLE_MODULES = YES;
				CLANG_ENABLE_OBJC_ARC = YES;
				CLANG_WARN_BOOL_CONVERSION = YES;
				CLANG_WARN_CONSTANT_CONVERSION = YES;
				CLANG_WARN_DIRECT_OBJC_ISA_USAGE = YES_ERROR;
				CLANG_WARN_EMPTY_BODY = YES;
				CLANG_WARN_ENUM_CONVERSION = YES;
				CLANG_WARN_INT_CONVERSION = YES;
				CLANG_WARN_OBJC_ROOT_CLASS = YES_ERROR;
				CLANG_WARN_UNREACHABLE_CODE = YES;
				CLANG_WARN__DUPLICATE_METHOD_MATCH = YES;
				"CODE_SIGN_IDENTITY[sdk=iphoneos*]" = "iPhone Developer";
				COPY_PHASE_STRIP = NO;
				ENABLE_STRICT_OBJC_MSGSEND = YES;
				GCC_C_LANGUAGE_STANDARD = gnu99;
				GCC_DYNAMIC_NO_PIC = NO;
				GCC_OPTIMIZATION_LEVEL = 0;
				GCC_PREPROCESSOR_DEFINITIONS = (
					"DEBUG=1",
					"$(inherited)",
				);
				GCC_SYMBOLS_PRIVATE_EXTERN = NO;
				GCC_WARN_64_TO_32_BIT_CONVERSION = YES;
				GCC_WARN_ABOUT_RETURN_TYPE = YES_ERROR;
				GCC_WARN_UNDECLARED_SELECTOR = YES;
				GCC_WARN_UNINITIALIZED_AUTOS = YES_AGGRESSIVE;
				GCC_WARN_UNUSED_FUNCTION = YES;
				GCC_WARN_UNUSED_VARIABLE = YES;
				IPHONEOS_DEPLOYMENT_TARGET = 8.1;
				MTL_ENABLE_DEBUG_INFO = YES;
				ONLY_ACTIVE_ARCH = YES;
				SDKROOT = iphoneos;
				SWIFT_OPTIMIZATION_LEVEL = "-Onone";
			};
			name = Debug;
		};
		3B61A0031A1A3B88002D8668 /* Release */ = {
			isa = XCBuildConfiguration;
			buildSettings = {
				ALWAYS_SEARCH_USER_PATHS = NO;
				CLANG_CXX_LANGUAGE_STANDARD = "gnu++0x";
				CLANG_CXX_LIBRARY = "libc++";
				CLANG_ENABLE_MODULES = YES;
				CLANG_ENABLE_OBJC_ARC = YES;
				CLANG_WARN_BOOL_CONVERSION = YES;
				CLANG_WARN_CONSTANT_CONVERSION = YES;
				CLANG_WARN_DIRECT_OBJC_ISA_USAGE = YES_ERROR;
				CLANG_WARN_EMPTY_BODY = YES;
				CLANG_WARN_ENUM_CONVERSION = YES;
				CLANG_WARN_INT_CONVERSION = YES;
				CLANG_WARN_OBJC_ROOT_CLASS = YES_ERROR;
				CLANG_WARN_UNREACHABLE_CODE = YES;
				CLANG_WARN__DUPLICATE_METHOD_MATCH = YES;
				"CODE_SIGN_IDENTITY[sdk=iphoneos*]" = "iPhone Developer";
				COPY_PHASE_STRIP = YES;
				ENABLE_NS_ASSERTIONS = NO;
				ENABLE_STRICT_OBJC_MSGSEND = YES;
				GCC_C_LANGUAGE_STANDARD = gnu99;
				GCC_WARN_64_TO_32_BIT_CONVERSION = YES;
				GCC_WARN_ABOUT_RETURN_TYPE = YES_ERROR;
				GCC_WARN_UNDECLARED_SELECTOR = YES;
				GCC_WARN_UNINITIALIZED_AUTOS = YES_AGGRESSIVE;
				GCC_WARN_UNUSED_FUNCTION = YES;
				GCC_WARN_UNUSED_VARIABLE = YES;
				IPHONEOS_DEPLOYMENT_TARGET = 8.1;
				MTL_ENABLE_DEBUG_INFO = NO;
				SDKROOT = iphoneos;
				VALIDATE_PRODUCT = YES;
			};
			name = Release;
		};
		3B61A0051A1A3B88002D8668 /* Debug */ = {
			isa = XCBuildConfiguration;
			buildSettings = {
				ASSETCATALOG_COMPILER_APPICON_NAME = AppIcon;
				INFOPLIST_FILE = BrowseOverflowSwift/Info.plist;
				LD_RUNPATH_SEARCH_PATHS = "$(inherited) @executable_path/Frameworks";
				PRODUCT_NAME = "$(TARGET_NAME)";
			};
			name = Debug;
		};
		3B61A0061A1A3B88002D8668 /* Release */ = {
			isa = XCBuildConfiguration;
			buildSettings = {
				ASSETCATALOG_COMPILER_APPICON_NAME = AppIcon;
				INFOPLIST_FILE = BrowseOverflowSwift/Info.plist;
				LD_RUNPATH_SEARCH_PATHS = "$(inherited) @executable_path/Frameworks";
				PRODUCT_NAME = "$(TARGET_NAME)";
			};
			name = Release;
		};
		3B61A0081A1A3B88002D8668 /* Debug */ = {
			isa = XCBuildConfiguration;
			buildSettings = {
				BUNDLE_LOADER = "$(TEST_HOST)";
				CLANG_ENABLE_MODULES = YES;
				FRAMEWORK_SEARCH_PATHS = (
					"$(SDKROOT)/Developer/Library/Frameworks",
					"$(inherited)",
				);
				GCC_PREPROCESSOR_DEFINITIONS = (
					"DEBUG=1",
					"$(inherited)",
				);
				INFOPLIST_FILE = BrowseOverflowSwiftTests/Info.plist;
				LD_RUNPATH_SEARCH_PATHS = "$(inherited) @executable_path/Frameworks @loader_path/Frameworks";
				PRODUCT_NAME = "$(TARGET_NAME)";
				SWIFT_OPTIMIZATION_LEVEL = "-Onone";
				TEST_HOST = "$(BUILT_PRODUCTS_DIR)/BrowseOverflowSwift.app/BrowseOverflowSwift";
			};
			name = Debug;
		};
		3B61A0091A1A3B88002D8668 /* Release */ = {
			isa = XCBuildConfiguration;
			buildSettings = {
				BUNDLE_LOADER = "$(TEST_HOST)";
				CLANG_ENABLE_MODULES = YES;
				FRAMEWORK_SEARCH_PATHS = (
					"$(SDKROOT)/Developer/Library/Frameworks",
					"$(inherited)",
				);
				INFOPLIST_FILE = BrowseOverflowSwiftTests/Info.plist;
				LD_RUNPATH_SEARCH_PATHS = "$(inherited) @executable_path/Frameworks @loader_path/Frameworks";
				PRODUCT_NAME = "$(TARGET_NAME)";
				TEST_HOST = "$(BUILT_PRODUCTS_DIR)/BrowseOverflowSwift.app/BrowseOverflowSwift";
			};
			name = Release;
		};
/* End XCBuildConfiguration section */

/* Begin XCConfigurationList section */
		3B619FE01A1A3B88002D8668 /* Build configuration list for PBXProject "BrowseOverflowSwift" */ = {
			isa = XCConfigurationList;
			buildConfigurations = (
				3B61A0021A1A3B88002D8668 /* Debug */,
				3B61A0031A1A3B88002D8668 /* Release */,
			);
			defaultConfigurationIsVisible = 0;
			defaultConfigurationName = Release;
		};
		3B61A0041A1A3B88002D8668 /* Build configuration list for PBXNativeTarget "BrowseOverflowSwift" */ = {
			isa = XCConfigurationList;
			buildConfigurations = (
				3B61A0051A1A3B88002D8668 /* Debug */,
				3B61A0061A1A3B88002D8668 /* Release */,
			);
			defaultConfigurationIsVisible = 0;
			defaultConfigurationName = Release;
		};
		3B61A0071A1A3B88002D8668 /* Build configuration list for PBXNativeTarget "BrowseOverflowSwiftTests" */ = {
			isa = XCConfigurationList;
			buildConfigurations = (
				3B61A0081A1A3B88002D8668 /* Debug */,
				3B61A0091A1A3B88002D8668 /* Release */,
			);
			defaultConfigurationIsVisible = 0;
			defaultConfigurationName = Release;
		};
/* End XCConfigurationList section */
	};
	rootObject = 3B619FDD1A1A3B88002D8668 /* Project object */;
}
